
Microsoft Visual Studio Solution File, Format Version 12.00
# Visual Studio Version 17
VisualStudioVersion = 17.6.33829.357
MinimumVisualStudioVersion = 10.0.40219.1
Project("{FAE04EC0-301F-11D3-BF4B-00C04F79EFBC}") = "SchoolHub", "SchoolHub\SchoolHub.csproj", "{68005868-D488-448C-A2A4-E926265957DF}"
EndProject
Global
	GlobalSection(SolutionConfigurationPlatforms) = preSolution
		Debug|Any CPU = Debug|Any CPU
		Release|Any CPU = Release|Any CPU
	EndGlobalSection
	GlobalSection(ProjectConfigurationPlatforms) = postSolution
		{68005868-D488-448C-A2A4-E926265957DF}.Debug|Any CPU.ActiveCfg = Debug|Any CPU
		{68005868-D488-448C-A2A4-E926265957DF}.Debug|Any CPU.Build.0 = Debug|Any CPU
		{68005868-D488-448C-A2A4-E926265957DF}.Release|Any CPU.ActiveCfg = Release|Any CPU
		{68005868-D488-448C-A2A4-E926265957DF}.Release|Any CPU.Build.0 = Release|Any CPU
	EndGlobalSection
	GlobalSection(SolutionProperties) = preSolution
		HideSolutionNode = FALSE
	EndGlobalSection
	GlobalSection(ExtensibilityGlobals) = postSolution
		SolutionGuid = {46846C7F-4423-488E-B2AD-1D619522AF10}
	EndGlobalSection
EndGlobal
